
Microsoft Visual Studio Solution File, Format Version 12.00
# Visual Studio Version 17
VisualStudioVersion = 17.5.33502.453
MinimumVisualStudioVersion = 10.0.40219.1
Project("{FAE04EC0-301F-11D3-BF4B-00C04F79EFBC}") = "FlightBookingSystem", "FlightBookingSystem\FlightBookingSystem.csproj", "{F5932BFC-78B7-4F57-9CAD-6270F6F0BBB0}"
EndProject
Global
	GlobalSection(SolutionConfigurationPlatforms) = preSolution
		Debug|Any CPU = Debug|Any CPU
		Release|Any CPU = Release|Any CPU
	EndGlobalSection
	GlobalSection(ProjectConfigurationPlatforms) = postSolution
		{F5932BFC-78B7-4F57-9CAD-6270F6F0BBB0}.Debug|Any CPU.ActiveCfg = Debug|Any CPU
		{F5932BFC-78B7-4F57-9CAD-6270F6F0BBB0}.Debug|Any CPU.Build.0 = Debug|Any CPU
		{F5932BFC-78B7-4F57-9CAD-6270F6F0BBB0}.Release|Any CPU.ActiveCfg = Release|Any CPU
		{F5932BFC-78B7-4F57-9CAD-6270F6F0BBB0}.Release|Any CPU.Build.0 = Release|Any CPU
	EndGlobalSection
	GlobalSection(SolutionProperties) = preSolution
		HideSolutionNode = FALSE
	EndGlobalSection
	GlobalSection(ExtensibilityGlobals) = postSolution
		SolutionGuid = {434A3C2B-5F80-4ECB-9637-56BCFCCFB2B4}
	EndGlobalSection
EndGlobal
